
Microsoft Visual Studio Solution File, Format Version 12.00
# Visual Studio 15
VisualStudioVersion = 15.0.28307.645
MinimumVisualStudioVersion = 10.0.40219.1
Project("{FAE04EC0-301F-11D3-BF4B-00C04F79EFBC}") = "KakashiService.Web", "UI\KakashiService.Web.csproj", "{55315430-095E-4086-B09B-8A416417959B}"
EndProject
Project("{FAE04EC0-301F-11D3-BF4B-00C04F79EFBC}") = "KakashiService.Core", "Core\KakashiService.Core.csproj", "{F085C0FF-2AB9-4342-8468-8928F4CC0BB0}"
EndProject
Global
	GlobalSection(SolutionConfigurationPlatforms) = preSolution
		Debug|Any CPU = Debug|Any CPU
		Release|Any CPU = Release|Any CPU
	EndGlobalSection
	GlobalSection(ProjectConfigurationPlatforms) = postSolution
		{55315430-095E-4086-B09B-8A416417959B}.Debug|Any CPU.ActiveCfg = Debug|Any CPU
		{55315430-095E-4086-B09B-8A416417959B}.Debug|Any CPU.Build.0 = Debug|Any CPU
		{55315430-095E-4086-B09B-8A416417959B}.Release|Any CPU.ActiveCfg = Release|Any CPU
		{55315430-095E-4086-B09B-8A416417959B}.Release|Any CPU.Build.0 = Release|Any CPU
		{F085C0FF-2AB9-4342-8468-8928F4CC0BB0}.Debug|Any CPU.ActiveCfg = Debug|Any CPU
		{F085C0FF-2AB9-4342-8468-8928F4CC0BB0}.Debug|Any CPU.Build.0 = Debug|Any CPU
		{F085C0FF-2AB9-4342-8468-8928F4CC0BB0}.Release|Any CPU.ActiveCfg = Release|Any CPU
		{F085C0FF-2AB9-4342-8468-8928F4CC0BB0}.Release|Any CPU.Build.0 = Release|Any CPU
	EndGlobalSection
	GlobalSection(SolutionProperties) = preSolution
		HideSolutionNode = FALSE
	EndGlobalSection
	GlobalSection(ExtensibilityGlobals) = postSolution
		SolutionGuid = {3CF45339-FC82-4060-BE8D-7768FA4193E4}
	EndGlobalSection
EndGlobal
